
Microsoft Visual Studio Solution File, Format Version 12.00
# Visual Studio Version 16
VisualStudioVersion = 16.0.33214.272
MinimumVisualStudioVersion = 10.0.40219.1
Project("{2150E333-8FDC-42A3-9474-1A3956D46DE8}") = "Frontend", "Frontend", "{A08AECE5-7D14-4115-B236-774724D7569A}"
EndProject
Project("{9A19103F-16F7-4668-BE54-9A1E7A4F7556}") = "Mango.Web", "Mango.Web\Mango.Web.csproj", "{FDC6B5FC-B74B-40CF-85E3-86BCDF63CFD9}"
EndProject
Project("{2150E333-8FDC-42A3-9474-1A3956D46DE8}") = "Services", "Services", "{856BE2A8-9F33-4DA0-B503-E3A311FA0F73}"
EndProject
Project("{FAE04EC0-301F-11D3-BF4B-00C04F79EFBC}") = "Mango.Services.ProductAPI", "Mango.Services.ProductAPI\Mango.Services.ProductAPI.csproj", "{7B4FFD75-AEE9-4C72-98F8-33DA06128D26}"
EndProject
Global
	GlobalSection(SolutionConfigurationPlatforms) = preSolution
		Debug|Any CPU = Debug|Any CPU
		Release|Any CPU = Release|Any CPU
	EndGlobalSection
	GlobalSection(ProjectConfigurationPlatforms) = postSolution
		{FDC6B5FC-B74B-40CF-85E3-86BCDF63CFD9}.Debug|Any CPU.ActiveCfg = Debug|Any CPU
		{FDC6B5FC-B74B-40CF-85E3-86BCDF63CFD9}.Debug|Any CPU.Build.0 = Debug|Any CPU
		{FDC6B5FC-B74B-40CF-85E3-86BCDF63CFD9}.Release|Any CPU.ActiveCfg = Release|Any CPU
		{FDC6B5FC-B74B-40CF-85E3-86BCDF63CFD9}.Release|Any CPU.Build.0 = Release|Any CPU
		{7B4FFD75-AEE9-4C72-98F8-33DA06128D26}.Debug|Any CPU.ActiveCfg = Debug|Any CPU
		{7B4FFD75-AEE9-4C72-98F8-33DA06128D26}.Debug|Any CPU.Build.0 = Debug|Any CPU
		{7B4FFD75-AEE9-4C72-98F8-33DA06128D26}.Release|Any CPU.ActiveCfg = Release|Any CPU
		{7B4FFD75-AEE9-4C72-98F8-33DA06128D26}.Release|Any CPU.Build.0 = Release|Any CPU
	EndGlobalSection
	GlobalSection(SolutionProperties) = preSolution
		HideSolutionNode = FALSE
	EndGlobalSection
	GlobalSection(NestedProjects) = preSolution
		{FDC6B5FC-B74B-40CF-85E3-86BCDF63CFD9} = {A08AECE5-7D14-4115-B236-774724D7569A}
		{856BE2A8-9F33-4DA0-B503-E3A311FA0F73} = {A08AECE5-7D14-4115-B236-774724D7569A}
		{7B4FFD75-AEE9-4C72-98F8-33DA06128D26} = {856BE2A8-9F33-4DA0-B503-E3A311FA0F73}
	EndGlobalSection
	GlobalSection(ExtensibilityGlobals) = postSolution
		SolutionGuid = {12E0C41A-C95A-456A-8DB4-8D4FA49AC206}
	EndGlobalSection
EndGlobal
